
Microsoft Visual Studio Solution File, Format Version 12.00
# Visual Studio Version 16
VisualStudioVersion = 16.0.30413.136
MinimumVisualStudioVersion = 10.0.40219.1
Project("{FAE04EC0-301F-11D3-BF4B-00C04F79EFBC}") = "QuestionnareTestTask", "QuestionnareTestTask.csproj", "{3A1DF7BA-AC12-4533-88AE-E01F7BE89AD3}"
EndProject
Global
	GlobalSection(SolutionConfigurationPlatforms) = preSolution
		Debug|Any CPU = Debug|Any CPU
		Release|Any CPU = Release|Any CPU
	EndGlobalSection
	GlobalSection(ProjectConfigurationPlatforms) = postSolution
		{3A1DF7BA-AC12-4533-88AE-E01F7BE89AD3}.Debug|Any CPU.ActiveCfg = Debug|Any CPU
		{3A1DF7BA-AC12-4533-88AE-E01F7BE89AD3}.Debug|Any CPU.Build.0 = Debug|Any CPU
		{3A1DF7BA-AC12-4533-88AE-E01F7BE89AD3}.Release|Any CPU.ActiveCfg = Release|Any CPU
		{3A1DF7BA-AC12-4533-88AE-E01F7BE89AD3}.Release|Any CPU.Build.0 = Release|Any CPU
	EndGlobalSection
	GlobalSection(SolutionProperties) = preSolution
		HideSolutionNode = FALSE
	EndGlobalSection
	GlobalSection(ExtensibilityGlobals) = postSolution
		SolutionGuid = {7CB2D811-CCDD-41C6-906E-1517B316A47C}
	EndGlobalSection
EndGlobal
